{
  "version": 4,
  "terraform_version": "0.14.0",
  "serial": 9,
  "lineage": "be69a273-4d47-5c61-eb9c-9427ca28b347",
  "outputs": {},
  "resources": [
    {
      "module": "module.build-trigger",
      "mode": "data",
      "type": "google_project",
      "name": "project",
      "provider": "provider[\"registry.terraform.io/hashicorp/google\"]",
      "instances": [
        {
          "schema_version": 0,
          "attributes": {
            "auto_create_network": null,
            "billing_account": "01E888-3BE319-92902E",
            "folder_id": "",
            "id": "projects/modular-scout-345114",
            "labels": {},
            "name": "My First Project",
            "number": "1080178441487",
            "org_id": "264149659647",
            "project_id": "modular-scout-345114",
            "skip_delete": null
          },
          "sensitive_attributes": []
        }
      ]
    },
    {
      "module": "module.build-trigger",
      "mode": "managed",
      "type": "google_project_iam_member",
      "name": "build-roles",
      "provider": "provider[\"registry.terraform.io/hashicorp/google\"]",
      "instances": [
        {
          "index_key": "roles/iam.serviceAccountUser",
          "schema_version": 0,
          "attributes": {
            "condition": [],
            "etag": "BwXlfFntpXY=",
            "id": "modular-scout-345114/roles/iam.serviceAccountUser/serviceAccount:custom-sa@modular-scout-345114.iam.gserviceaccount.com",
            "member": "serviceAccount:custom-sa@modular-scout-345114.iam.gserviceaccount.com",
            "project": "modular-scout-345114",
            "role": "roles/iam.serviceAccountUser"
          },
          "sensitive_attributes": [],
          "private": "bnVsbA==",
          "dependencies": [
            "module.build-trigger.data.google_project.project",
            "module.build-trigger.google_service_account.custom-sa"
          ]
        },
        {
          "index_key": "roles/logging.logWriter",
          "schema_version": 0,
          "attributes": {
            "condition": [],
            "etag": "BwXlfFntpXY=",
            "id": "modular-scout-345114/roles/logging.logWriter/serviceAccount:custom-sa@modular-scout-345114.iam.gserviceaccount.com",
            "member": "serviceAccount:custom-sa@modular-scout-345114.iam.gserviceaccount.com",
            "project": "modular-scout-345114",
            "role": "roles/logging.logWriter"
          },
          "sensitive_attributes": [],
          "private": "bnVsbA==",
          "dependencies": [
            "module.build-trigger.data.google_project.project",
            "module.build-trigger.google_service_account.custom-sa"
          ]
        },
        {
          "index_key": "roles/storage.admin",
          "schema_version": 0,
          "attributes": {
            "condition": [],
            "etag": "BwXlfFntpXY=",
            "id": "modular-scout-345114/roles/storage.admin/serviceAccount:custom-sa@modular-scout-345114.iam.gserviceaccount.com",
            "member": "serviceAccount:custom-sa@modular-scout-345114.iam.gserviceaccount.com",
            "project": "modular-scout-345114",
            "role": "roles/storage.admin"
          },
          "sensitive_attributes": [],
          "private": "bnVsbA==",
          "dependencies": [
            "module.build-trigger.data.google_project.project",
            "module.build-trigger.google_service_account.custom-sa"
          ]
        }
      ]
    },
    {
      "module": "module.build-trigger",
      "mode": "managed",
      "type": "google_service_account",
      "name": "custom-sa",
      "provider": "provider[\"registry.terraform.io/hashicorp/google\"]",
      "instances": [
        {
          "schema_version": 0,
          "attributes": {
            "account_id": "custom-sa",
            "description": "",
            "disabled": false,
            "display_name": "Cloud build User Managed Service Account",
            "email": "custom-sa@modular-scout-345114.iam.gserviceaccount.com",
            "id": "projects/modular-scout-345114/serviceAccounts/custom-sa@modular-scout-345114.iam.gserviceaccount.com",
            "name": "projects/modular-scout-345114/serviceAccounts/custom-sa@modular-scout-345114.iam.gserviceaccount.com",
            "project": "modular-scout-345114",
            "timeouts": null,
            "unique_id": "100457848975154725422"
          },
          "sensitive_attributes": [],
          "private": "eyJlMmJmYjczMC1lY2FhLTExZTYtOGY4OC0zNDM2M2JjN2M0YzAiOnsiY3JlYXRlIjozMDAwMDAwMDAwMDB9fQ==",
          "dependencies": [
            "module.build-trigger.data.google_project.project"
          ]
        }
      ]
    },
    {
      "module": "module.gcs-bucket",
      "mode": "data",
      "type": "google_iam_policy",
      "name": "adminn",
      "provider": "provider[\"registry.terraform.io/hashicorp/google\"]",
      "instances": [
        {
          "schema_version": 0,
          "attributes": {
            "audit_config": null,
            "binding": [
              {
                "condition": [],
                "members": [
                  "serviceAccount:service-1056283549093@gs-project-accounts.iam.gserviceaccount.com"
                ],
                "role": "roles/cloudkms.cryptoKeyEncrypterDecrypter"
              }
            ],
            "id": "2680236705",
            "policy_data": "{\"bindings\":[{\"members\":[\"serviceAccount:service-1056283549093@gs-project-accounts.iam.gserviceaccount.com\"],\"role\":\"roles/cloudkms.cryptoKeyEncrypterDecrypter\"}]}"
          },
          "sensitive_attributes": []
        }
      ]
    },
    {
      "module": "module.gcs-bucket",
      "mode": "data",
      "type": "google_project",
      "name": "project",
      "provider": "provider[\"registry.terraform.io/hashicorp/google\"]",
      "instances": [
        {
          "schema_version": 0,
          "attributes": {
            "auto_create_network": null,
            "billing_account": "01E888-3BE319-92902E",
            "folder_id": "",
            "id": "projects/modular-scout-345114",
            "labels": {},
            "name": "My First Project",
            "number": "1080178441487",
            "org_id": "264149659647",
            "project_id": "modular-scout-345114",
            "skip_delete": null
          },
          "sensitive_attributes": []
        }
      ]
    },
    {
      "module": "module.gcs-bucket",
      "mode": "managed",
      "type": "google_kms_crypto_key",
      "name": "secrets",
      "provider": "provider[\"registry.terraform.io/hashicorp/google\"]",
      "instances": [
        {
          "schema_version": 1,
          "attributes": {
            "destroy_scheduled_duration": "86400s",
            "id": "projects/modular-scout-345114/locations/us-central1/keyRings/cloudbuild-keyring9/cryptoKeys/cloudbuildkey9",
            "import_only": false,
            "key_ring": "projects/modular-scout-345114/locations/us-central1/keyRings/cloudbuild-keyring9",
            "labels": null,
            "name": "cloudbuildkey9",
            "purpose": "ENCRYPT_DECRYPT",
            "rotation_period": "",
            "skip_initial_version_creation": false,
            "timeouts": null,
            "version_template": [
              {
                "algorithm": "GOOGLE_SYMMETRIC_ENCRYPTION",
                "protection_level": "SOFTWARE"
              }
            ]
          },
          "sensitive_attributes": [],
          "private": "eyJlMmJmYjczMC1lY2FhLTExZTYtOGY4OC0zNDM2M2JjN2M0YzAiOnsiY3JlYXRlIjoxMjAwMDAwMDAwMDAwLCJkZWxldGUiOjEyMDAwMDAwMDAwMDAsInVwZGF0ZSI6MTIwMDAwMDAwMDAwMH0sInNjaGVtYV92ZXJzaW9uIjoiMSJ9",
          "dependencies": [
            "module.gcs-bucket.google_kms_key_ring.keyring"
          ]
        }
      ]
    },
    {
      "module": "module.gcs-bucket",
      "mode": "managed",
      "type": "google_kms_crypto_key_iam_policy",
      "name": "crypto_key",
      "provider": "provider[\"registry.terraform.io/hashicorp/google\"]",
      "instances": [
        {
          "schema_version": 0,
          "attributes": {
            "crypto_key_id": "projects/modular-scout-345114/locations/us-central1/keyRings/cloudbuild-keyring9/cryptoKeys/cloudbuildkey9",
            "etag": "BwXlfGvWI3Y=",
            "id": "projects/modular-scout-345114/locations/us-central1/keyRings/cloudbuild-keyring9/cryptoKeys/cloudbuildkey9",
            "policy_data": "{\"bindings\":[{\"members\":[\"serviceAccount:service-1056283549093@gs-project-accounts.iam.gserviceaccount.com\"],\"role\":\"roles/cloudkms.cryptoKeyEncrypterDecrypter\"}]}"
          },
          "sensitive_attributes": [],
          "private": "bnVsbA==",
          "dependencies": [
            "module.gcs-bucket.data.google_iam_policy.adminn",
            "module.gcs-bucket.google_kms_crypto_key.secrets",
            "module.gcs-bucket.google_kms_key_ring.keyring"
          ]
        }
      ]
    },
    {
      "module": "module.gcs-bucket",
      "mode": "managed",
      "type": "google_kms_key_ring",
      "name": "keyring",
      "provider": "provider[\"registry.terraform.io/hashicorp/google\"]",
      "instances": [
        {
          "schema_version": 0,
          "attributes": {
            "id": "projects/modular-scout-345114/locations/us-central1/keyRings/cloudbuild-keyring9",
            "location": "us-central1",
            "name": "cloudbuild-keyring9",
            "project": "modular-scout-345114",
            "timeouts": null
          },
          "sensitive_attributes": [],
          "private": "eyJlMmJmYjczMC1lY2FhLTExZTYtOGY4OC0zNDM2M2JjN2M0YzAiOnsiY3JlYXRlIjoxMjAwMDAwMDAwMDAwLCJkZWxldGUiOjEyMDAwMDAwMDAwMDB9fQ=="
        }
      ]
    }
  ]
}
